
Microsoft Visual Studio Solution File, Format Version 12.00
Project("{FAE04EC0-301F-11D3-BF4B-00C04F79EFBC}") = "SymboticQueueReader", "SymboticQueueReader\SymboticQueueReader.csproj", "{4C3BBEA5-B576-4C9B-86CA-4DBE6BC7E311}"
EndProject
Global
	GlobalSection(SolutionConfigurationPlatforms) = preSolution
		Debug|Any CPU = Debug|Any CPU
		Release|Any CPU = Release|Any CPU
	EndGlobalSection
	GlobalSection(ProjectConfigurationPlatforms) = postSolution
		{4C3BBEA5-B576-4C9B-86CA-4DBE6BC7E311}.Debug|Any CPU.ActiveCfg = Debug|Any CPU
		{4C3BBEA5-B576-4C9B-86CA-4DBE6BC7E311}.Debug|Any CPU.Build.0 = Debug|Any CPU
		{4C3BBEA5-B576-4C9B-86CA-4DBE6BC7E311}.Release|Any CPU.ActiveCfg = Release|Any CPU
		{4C3BBEA5-B576-4C9B-86CA-4DBE6BC7E311}.Release|Any CPU.Build.0 = Release|Any CPU
	EndGlobalSection
EndGlobal
